
Microsoft Visual Studio Solution File, Format Version 10.00
# Visual Studio 2008
Project("{F184B08F-C81C-45F6-A57F-5ABD9991F28F}") = "PDFView", "PDFView\PDFView.vbproj", "{170D7D1B-61B9-4E8B-9CD3-88350725379F}"
EndProject
Project("{F184B08F-C81C-45F6-A57F-5ABD9991F28F}") = "SamplePDFViewer", "SamplePDFViewer\SamplePDFViewer.vbproj", "{ECEEFA4B-5656-4286-A094-CEBB4C5E3760}"
	ProjectSection(ProjectDependencies) = postProject
		{170D7D1B-61B9-4E8B-9CD3-88350725379F} = {170D7D1B-61B9-4E8B-9CD3-88350725379F}
	EndProjectSection
EndProject
Global
	GlobalSection(SolutionConfigurationPlatforms) = preSolution
		Debug|Any CPU = Debug|Any CPU
		Release|Any CPU = Release|Any CPU
	EndGlobalSection
	GlobalSection(ProjectConfigurationPlatforms) = postSolution
		{170D7D1B-61B9-4E8B-9CD3-88350725379F}.Debug|Any CPU.ActiveCfg = Debug|Any CPU
		{170D7D1B-61B9-4E8B-9CD3-88350725379F}.Debug|Any CPU.Build.0 = Debug|Any CPU
		{170D7D1B-61B9-4E8B-9CD3-88350725379F}.Release|Any CPU.ActiveCfg = Release|Any CPU
		{170D7D1B-61B9-4E8B-9CD3-88350725379F}.Release|Any CPU.Build.0 = Release|Any CPU
		{ECEEFA4B-5656-4286-A094-CEBB4C5E3760}.Debug|Any CPU.ActiveCfg = Debug|Any CPU
		{ECEEFA4B-5656-4286-A094-CEBB4C5E3760}.Debug|Any CPU.Build.0 = Debug|Any CPU
		{ECEEFA4B-5656-4286-A094-CEBB4C5E3760}.Release|Any CPU.ActiveCfg = Release|Any CPU
		{ECEEFA4B-5656-4286-A094-CEBB4C5E3760}.Release|Any CPU.Build.0 = Release|Any CPU
	EndGlobalSection
	GlobalSection(SolutionProperties) = preSolution
		HideSolutionNode = FALSE
	EndGlobalSection
EndGlobal
